
Microsoft Visual Studio Solution File, Format Version 12.00
# Visual Studio Version 16
VisualStudioVersion = 16.0.29326.143
MinimumVisualStudioVersion = 10.0.40219.1
Project("{9A19103F-16F7-4668-BE54-9A1E7A4F7556}") = "SmartMarketServer", "SmartMarketServer.csproj", "{EBC51474-FBA3-41A2-9C64-A392901A40F9}"
EndProject
Global
	GlobalSection(SolutionConfigurationPlatforms) = preSolution
		Debug|Any CPU = Debug|Any CPU
		Release|Any CPU = Release|Any CPU
	EndGlobalSection
	GlobalSection(ProjectConfigurationPlatforms) = postSolution
		{EBC51474-FBA3-41A2-9C64-A392901A40F9}.Debug|Any CPU.ActiveCfg = Debug|Any CPU
		{EBC51474-FBA3-41A2-9C64-A392901A40F9}.Debug|Any CPU.Build.0 = Debug|Any CPU
		{EBC51474-FBA3-41A2-9C64-A392901A40F9}.Release|Any CPU.ActiveCfg = Release|Any CPU
		{EBC51474-FBA3-41A2-9C64-A392901A40F9}.Release|Any CPU.Build.0 = Release|Any CPU
	EndGlobalSection
	GlobalSection(SolutionProperties) = preSolution
		HideSolutionNode = FALSE
	EndGlobalSection
	GlobalSection(ExtensibilityGlobals) = postSolution
		SolutionGuid = {E052D28E-37D1-4BE7-AFE1-AF21E8B8F61D}
	EndGlobalSection
EndGlobal
